// !$*UTF8*$!
{
	archiveVersion = 1;
	classes = {
	};
	objectVersion = 50;
	objects = {

/* Begin PBXBuildFile section */
		E99BAF2124B06314000A2DDF /* AppDelegate.swift in Sources */ = {isa = PBXBuildFile; fileRef = E99BAF2024B06314000A2DDF /* AppDelegate.swift */; };
		E99BAF2324B06314000A2DDF /* SceneDelegate.swift in Sources */ = {isa = PBXBuildFile; fileRef = E99BAF2224B06314000A2DDF /* SceneDelegate.swift */; };
		E99BAF2524B06314000A2DDF /* ViewController.swift in Sources */ = {isa = PBXBuildFile; fileRef = E99BAF2424B06314000A2DDF /* ViewController.swift */; };
		E99BAF2824B06314000A2DDF /* Main.storyboard in Resources */ = {isa = PBXBuildFile; fileRef = E99BAF2624B06314000A2DDF /* Main.storyboard */; };
		E99BAF2A24B06318000A2DDF /* Assets.xcassets in Resources */ = {isa = PBXBuildFile; fileRef = E99BAF2924B06318000A2DDF /* Assets.xcassets */; };
		E99BAF2D24B06318000A2DDF /* LaunchScreen.storyboard in Resources */ = {isa = PBXBuildFile; fileRef = E99BAF2B24B06318000A2DDF /* LaunchScreen.storyboard */; };
/* End PBXBuildFile section */

/* Begin PBXFileReference section */
		E99BAF1D24B06314000A2DDF /* Swift5MapAndProtocol.app */ = {isa = PBXFileReference; explicitFileType = wrapper.application; includeInIndex = 0; path = Swift5MapAndProtocol.app; sourceTree = BUILT_PRODUCTS_DIR; };
		E99BAF2024B06314000A2DDF /* AppDelegate.swift */ = {isa = PBXFileReference; lastKnownFileType = sourcecode.swift; path = AppDelegate.swift; sourceTree = "<group>"; };
		E99BAF2224B06314000A2DDF /* SceneDelegate.swift */ = {isa = PBXFileReference; lastKnownFileType = sourcecode.swift; path = SceneDelegate.swift; sourceTree = "<group>"; };
		E99BAF2424B06314000A2DDF /* ViewController.swift */ = {isa = PBXFileReference; lastKnownFileType = sourcecode.swift; path = ViewController.swift; sourceTree = "<group>"; };
		E99BAF2724B06314000A2DDF /* Base */ = {isa = PBXFileReference; lastKnownFileType = file.storyboard; name = Base; path = Base.lproj/Main.storyboard; sourceTree = "<group>"; };
		E99BAF2924B06318000A2DDF /* Assets.xcassets */ = {isa = PBXFileReference; lastKnownFileType = folder.assetcatalog; path = Assets.xcassets; sourceTree = "<group>"; };
		E99BAF2C24B06318000A2DDF /* Base */ = {isa = PBXFileReference; lastKnownFileType = file.storyboard; name = Base; path = Base.lproj/LaunchScreen.storyboard; sourceTree = "<group>"; };
		E99BAF2E24B06318000A2DDF /* Info.plist */ = {isa = PBXFileReference; lastKnownFileType = text.plist.xml; path = Info.plist; sourceTree = "<group>"; };
/* End PBXFileReference section */

/* Begin PBXFrameworksBuildPhase section */
		E99BAF1A24B06314000A2DDF /* Frameworks */ = {
			isa = PBXFrameworksBuildPhase;
			buildActionMask = 2147483647;
			files = (
			);
			runOnlyForDeploymentPostprocessing = 0;
		};
/* End PBXFrameworksBuildPhase section */

/* Begin PBXGroup section */
		E99BAF1424B06313000A2DDF = {
			isa = PBXGroup;
			children = (
				E99BAF1F24B06314000A2DDF /* Swift5MapAndProtocol */,
				E99BAF1E24B06314000A2DDF /* Products */,
			);
			sourceTree = "<group>";
		};
		E99BAF1E24B06314000A2DDF /* Products */ = {
			isa = PBXGroup;
			children = (
				E99BAF1D24B06314000A2DDF /* Swift5MapAndProtocol.app */,
			);
			name = Products;
			sourceTree = "<group>";
		};
		E99BAF1F24B06314000A2DDF /* Swift5MapAndProtocol */ = {
			isa = PBXGroup;
			children = (
				E99BAF2024B06314000A2DDF /* AppDelegate.swift */,
				E99BAF2224B06314000A2DDF /* SceneDelegate.swift */,
				E99BAF2424B06314000A2DDF /* ViewController.swift */,
				E99BAF2624B06314000A2DDF /* Main.storyboard */,
				E99BAF2924B06318000A2DDF /* Assets.xcassets */,
				E99BAF2B24B06318000A2DDF /* LaunchScreen.storyboard */,
				E99BAF2E24B06318000A2DDF /* Info.plist */,
			);
			path = Swift5MapAndProtocol;
			sourceTree = "<group>";
		};
/* End PBXGroup section */

/* Begin PBXNativeTarget section */
		E99BAF1C24B06314000A2DDF /* Swift5MapAndProtocol */ = {
			isa = PBXNativeTarget;
			buildConfigurationList = E99BAF3124B06318000A2DDF /* Build configuration list for PBXNativeTarget "Swift5MapAndProtocol" */;
			buildPhases = (
				E99BAF1924B06314000A2DDF /* Sources */,
				E99BAF1A24B06314000A2DDF /* Frameworks */,
				E99BAF1B24B06314000A2DDF /* Resources */,
			);
			buildRules = (
			);
			dependencies = (
			);
			name = Swift5MapAndProtocol;
			productName = Swift5MapAndProtocol;
			productReference = E99BAF1D24B06314000A2DDF /* Swift5MapAndProtocol.app */;
			productType = "com.apple.product-type.application";
		};
/* End PBXNativeTarget section */

/* Begin PBXProject section */
		E99BAF1524B06313000A2DDF /* Project object */ = {
			isa = PBXProject;
			attributes = {
				LastSwiftUpdateCheck = 1150;
				LastUpgradeCheck = 1150;
				ORGANIZATIONNAME = "Akira Noguchi";
				TargetAttributes = {
					E99BAF1C24B06314000A2DDF = {
						CreatedOnToolsVersion = 11.5;
					};
				};
			};
			buildConfigurationList = E99BAF1824B06313000A2DDF /* Build configuration list for PBXProject "Swift5MapAndProtocol" */;
			compatibilityVersion = "Xcode 9.3";
			developmentRegion = en;
			hasScannedForEncodings = 0;
			knownRegions = (
				en,
				Base,
			);
			mainGroup = E99BAF1424B06313000A2DDF;
			productRefGroup = E99BAF1E24B06314000A2DDF /* Products */;
			projectDirPath = "";
			projectRoot = "";
			targets = (
				E99BAF1C24B06314000A2DDF /* Swift5MapAndProtocol */,
			);
		};
/* End PBXProject section */

/* Begin PBXResourcesBuildPhase section */
		E99BAF1B24B06314000A2DDF /* Resources */ = {
			isa = PBXResourcesBuildPhase;
			buildActionMask = 2147483647;
			files = (
				E99BAF2D24B06318000A2DDF /* LaunchScreen.storyboard in Resources */,
				E99BAF2A24B06318000A2DDF /* Assets.xcassets in Resources */,
				E99BAF2824B06314000A2DDF /* Main.storyboard in Resources */,
			);
			runOnlyForDeploymentPostprocessing = 0;
		};
/* End PBXResourcesBuildPhase section */

/* Begin PBXSourcesBuildPhase section */
		E99BAF1924B06314000A2DDF /* Sources */ = {
			isa = PBXSourcesBuildPhase;
			buildActionMask = 2147483647;
			files = (
				E99BAF2524B06314000A2DDF /* ViewController.swift in Sources */,
				E99BAF2124B06314000A2DDF /* AppDelegate.swift in Sources */,
				E99BAF2324B06314000A2DDF /* SceneDelegate.swift in Sources */,
			);
			runOnlyForDeploymentPostprocessing = 0;
		};
/* End PBXSourcesBuildPhase section */

/* Begin PBXVariantGroup section */
		E99BAF2624B06314000A2DDF /* Main.storyboard */ = {
			isa = PBXVariantGroup;
			children = (
				E99BAF2724B06314000A2DDF /* Base */,
			);
			name = Main.storyboard;
			sourceTree = "<group>";
		};
		E99BAF2B24B06318000A2DDF /* LaunchScreen.storyboard */ = {
			isa = PBXVariantGroup;
			children = (
				E99BAF2C24B06318000A2DDF /* Base */,
			);
			name = LaunchScreen.storyboard;
			sourceTree = "<group>";
		};
/* End PBXVariantGroup section */

/* Begin XCBuildConfiguration section */
		E99BAF2F24B06318000A2DDF /* Debug */ = {
			isa = XCBuildConfiguration;
			buildSettings = {
				ALWAYS_SEARCH_USER_PATHS = NO;
				CLANG_ANALYZER_NONNULL = YES;
				CLANG_ANALYZER_NUMBER_OBJECT_CONVERSION = YES_AGGRESSIVE;
				CLANG_CXX_LANGUAGE_STANDARD = "gnu++14";
				CLANG_CXX_LIBRARY = "libc++";
				CLANG_ENABLE_MODULES = YES;
				CLANG_ENABLE_OBJC_ARC = YES;
				CLANG_ENABLE_OBJC_WEAK = YES;
				CLANG_WARN_BLOCK_CAPTURE_AUTORELEASING = YES;
				CLANG_WARN_BOOL_CONVERSION = YES;
				CLANG_WARN_COMMA = YES;
				CLANG_WARN_CONSTANT_CONVERSION = YES;
				CLANG_WARN_DEPRECATED_OBJC_IMPLEMENTATIONS = YES;
				CLANG_WARN_DIRECT_OBJC_ISA_USAGE = YES_ERROR;
				CLANG_WARN_DOCUMENTATION_COMMENTS = YES;
				CLANG_WARN_EMPTY_BODY = YES;
				CLANG_WARN_ENUM_CONVERSION = YES;
				CLANG_WARN_INFINITE_RECURSION = YES;
				CLANG_WARN_INT_CONVERSION = YES;
				CLANG_WARN_NON_LITERAL_NULL_CONVERSION = YES;
				CLANG_WARN_OBJC_IMPLICIT_RETAIN_SELF = YES;
				CLANG_WARN_OBJC_LITERAL_CONVERSION = YES;
				CLANG_WARN_OBJC_ROOT_CLASS = YES_ERROR;
				CLANG_WARN_RANGE_LOOP_ANALYSIS = YES;
				CLANG_WARN_STRICT_PROTOTYPES = YES;
				CLANG_WARN_SUSPICIOUS_MOVE = YES;
				CLANG_WARN_UNGUARDED_AVAILABILITY = YES_AGGRESSIVE;
				CLANG_WARN_UNREACHABLE_CODE = YES;
				CLANG_WARN__DUPLICATE_METHOD_MATCH = YES;
				COPY_PHASE_STRIP = NO;
				DEBUG_INFORMATION_FORMAT = dwarf;
				ENABLE_STRICT_OBJC_MSGSEND = YES;
				ENABLE_TESTABILITY = YES;
				GCC_C_LANGUAGE_STANDARD = gnu11;
				GCC_DYNAMIC_NO_PIC = NO;
				GCC_NO_COMMON_BLOCKS = YES;
				GCC_OPTIMIZATION_LEVEL = 0;
				GCC_PREPROCESSOR_DEFINITIONS = (
					"DEBUG=1",
					"$(inherited)",
				);
				GCC_WARN_64_TO_32_BIT_CONVERSION = YES;
				GCC_WARN_ABOUT_RETURN_TYPE = YES_ERROR;
				GCC_WARN_UNDECLARED_SELECTOR = YES;
				GCC_WARN_UNINITIALIZED_AUTOS = YES_AGGRESSIVE;
				GCC_WARN_UNUSED_FUNCTION = YES;
				GCC_WARN_UNUSED_VARIABLE = YES;
				IPHONEOS_DEPLOYMENT_TARGET = 13.5;
				MTL_ENABLE_DEBUG_INFO = INCLUDE_SOURCE;
				MTL_FAST_MATH = YES;
				ONLY_ACTIVE_ARCH = YES;
				SDKROOT = iphoneos;
				SWIFT_ACTIVE_COMPILATION_CONDITIONS = DEBUG;
				SWIFT_OPTIMIZATION_LEVEL = "-Onone";
			};
			name = Debug;
		};
		E99BAF3024B06318000A2DDF /* Release */ = {
			isa = XCBuildConfiguration;
			buildSettings = {
				ALWAYS_SEARCH_USER_PATHS = NO;
				CLANG_ANALYZER_NONNULL = YES;
				CLANG_ANALYZER_NUMBER_OBJECT_CONVERSION = YES_AGGRESSIVE;
				CLANG_CXX_LANGUAGE_STANDARD = "gnu++14";
				CLANG_CXX_LIBRARY = "libc++";
				CLANG_ENABLE_MODULES = YES;
				CLANG_ENABLE_OBJC_ARC = YES;
				CLANG_ENABLE_OBJC_WEAK = YES;
				CLANG_WARN_BLOCK_CAPTURE_AUTORELEASING = YES;
				CLANG_WARN_BOOL_CONVERSION = YES;
				CLANG_WARN_COMMA = YES;
				CLANG_WARN_CONSTANT_CONVERSION = YES;
				CLANG_WARN_DEPRECATED_OBJC_IMPLEMENTATIONS = YES;
				CLANG_WARN_DIRECT_OBJC_ISA_USAGE = YES_ERROR;
				CLANG_WARN_DOCUMENTATION_COMMENTS = YES;
				CLANG_WARN_EMPTY_BODY = YES;
				CLANG_WARN_ENUM_CONVERSION = YES;
				CLANG_WARN_INFINITE_RECURSION = YES;
				CLANG_WARN_INT_CONVERSION = YES;
				CLANG_WARN_NON_LITERAL_NULL_CONVERSION = YES;
				CLANG_WARN_OBJC_IMPLICIT_RETAIN_SELF = YES;
				CLANG_WARN_OBJC_LITERAL_CONVERSION = YES;
				CLANG_WARN_OBJC_ROOT_CLASS = YES_ERROR;
				CLANG_WARN_RANGE_LOOP_ANALYSIS = YES;
				CLANG_WARN_STRICT_PROTOTYPES = YES;
				CLANG_WARN_SUSPICIOUS_MOVE = YES;
				CLANG_WARN_UNGUARDED_AVAILABILITY = YES_AGGRESSIVE;
				CLANG_WARN_UNREACHABLE_CODE = YES;
				CLANG_WARN__DUPLICATE_METHOD_MATCH = YES;
				COPY_PHASE_STRIP = NO;
				DEBUG_INFORMATION_FORMAT = "dwarf-with-dsym";
				ENABLE_NS_ASSERTIONS = NO;
				ENABLE_STRICT_OBJC_MSGSEND = YES;
				GCC_C_LANGUAGE_STANDARD = gnu11;
				GCC_NO_COMMON_BLOCKS = YES;
				GCC_WARN_64_TO_32_BIT_CONVERSION = YES;
				GCC_WARN_ABOUT_RETURN_TYPE = YES_ERROR;
				GCC_WARN_UNDECLARED_SELECTOR = YES;
				GCC_WARN_UNINITIALIZED_AUTOS = YES_AGGRESSIVE;
				GCC_WARN_UNUSED_FUNCTION = YES;
				GCC_WARN_UNUSED_VARIABLE = YES;
				IPHONEOS_DEPLOYMENT_TARGET = 13.5;
				MTL_ENABLE_DEBUG_INFO = NO;
				MTL_FAST_MATH = YES;
				SDKROOT = iphoneos;
				SWIFT_COMPILATION_MODE = wholemodule;
				SWIFT_OPTIMIZATION_LEVEL = "-O";
				VALIDATE_PRODUCT = YES;
			};
			name = Release;
		};
		E99BAF3224B06318000A2DDF /* Debug */ = {
			isa = XCBuildConfiguration;
			buildSettings = {
				ASSETCATALOG_COMPILER_APPICON_NAME = AppIcon;
				CODE_SIGN_STYLE = Automatic;
				INFOPLIST_FILE = Swift5MapAndProtocol/Info.plist;
				LD_RUNPATH_SEARCH_PATHS = (
					"$(inherited)",
					"@executable_path/Frameworks",
				);
				PRODUCT_BUNDLE_IDENTIFIER = com.swiftapp.Swift5MapAndProtocol;
				PRODUCT_NAME = "$(TARGET_NAME)";
				SWIFT_VERSION = 5.0;
				TARGETED_DEVICE_FAMILY = 1;
			};
			name = Debug;
		};
		E99BAF3324B06318000A2DDF /* Release */ = {
			isa = XCBuildConfiguration;
			buildSettings = {
				ASSETCATALOG_COMPILER_APPICON_NAME = AppIcon;
				CODE_SIGN_STYLE = Automatic;
				INFOPLIST_FILE = Swift5MapAndProtocol/Info.plist;
				LD_RUNPATH_SEARCH_PATHS = (
					"$(inherited)",
					"@executable_path/Frameworks",
				);
				PRODUCT_BUNDLE_IDENTIFIER = com.swiftapp.Swift5MapAndProtocol;
				PRODUCT_NAME = "$(TARGET_NAME)";
				SWIFT_VERSION = 5.0;
				TARGETED_DEVICE_FAMILY = 1;
			};
			name = Release;
		};
/* End XCBuildConfiguration section */

/* Begin XCConfigurationList section */
		E99BAF1824B06313000A2DDF /* Build configuration list for PBXProject "Swift5MapAndProtocol" */ = {
			isa = XCConfigurationList;
			buildConfigurations = (
				E99BAF2F24B06318000A2DDF /* Debug */,
				E99BAF3024B06318000A2DDF /* Release */,
			);
			defaultConfigurationIsVisible = 0;
			defaultConfigurationName = Release;
		};
		E99BAF3124B06318000A2DDF /* Build configuration list for PBXNativeTarget "Swift5MapAndProtocol" */ = {
			isa = XCConfigurationList;
			buildConfigurations = (
				E99BAF3224B06318000A2DDF /* Debug */,
				E99BAF3324B06318000A2DDF /* Release */,
			);
			defaultConfigurationIsVisible = 0;
			defaultConfigurationName = Release;
		};
/* End XCConfigurationList section */
	};
	rootObject = E99BAF1524B06313000A2DDF /* Project object */;
}
